
Microsoft Visual Studio Solution File, Format Version 12.00
# Visual Studio Version 17
VisualStudioVersion = 17.9.34607.119
MinimumVisualStudioVersion = 10.0.40219.1
Project("{9A19103F-16F7-4668-BE54-9A1E7A4F7556}") = "ECommerce.RestApi", "ECommerce.RestApi\ECommerce.RestApi.csproj", "{EF7C3682-1ECC-4841-B1BE-187E6743B23A}"
EndProject
Project("{9A19103F-16F7-4668-BE54-9A1E7A4F7556}") = "ConsoleApp1", "ConsoleApp1\ConsoleApp1.csproj", "{2D1CBBD3-BFD3-4BC9-8202-4EC31FF5E9F6}"
EndProject
Global
	GlobalSection(SolutionConfigurationPlatforms) = preSolution
		Debug|Any CPU = Debug|Any CPU
		Release|Any CPU = Release|Any CPU
	EndGlobalSection
	GlobalSection(ProjectConfigurationPlatforms) = postSolution
		{EF7C3682-1ECC-4841-B1BE-187E6743B23A}.Debug|Any CPU.ActiveCfg = Debug|Any CPU
		{EF7C3682-1ECC-4841-B1BE-187E6743B23A}.Debug|Any CPU.Build.0 = Debug|Any CPU
		{EF7C3682-1ECC-4841-B1BE-187E6743B23A}.Release|Any CPU.ActiveCfg = Release|Any CPU
		{EF7C3682-1ECC-4841-B1BE-187E6743B23A}.Release|Any CPU.Build.0 = Release|Any CPU
		{2D1CBBD3-BFD3-4BC9-8202-4EC31FF5E9F6}.Debug|Any CPU.ActiveCfg = Debug|Any CPU
		{2D1CBBD3-BFD3-4BC9-8202-4EC31FF5E9F6}.Debug|Any CPU.Build.0 = Debug|Any CPU
		{2D1CBBD3-BFD3-4BC9-8202-4EC31FF5E9F6}.Release|Any CPU.ActiveCfg = Release|Any CPU
		{2D1CBBD3-BFD3-4BC9-8202-4EC31FF5E9F6}.Release|Any CPU.Build.0 = Release|Any CPU
	EndGlobalSection
	GlobalSection(SolutionProperties) = preSolution
		HideSolutionNode = FALSE
	EndGlobalSection
	GlobalSection(ExtensibilityGlobals) = postSolution
		SolutionGuid = {DFC1DD45-8AFE-4D4B-AA89-E5A8979CA34B}
	EndGlobalSection
EndGlobal
